
Microsoft Visual Studio Solution File, Format Version 12.00
# Visual Studio Version 16
VisualStudioVersion = 16.0.33328.57
MinimumVisualStudioVersion = 10.0.40219.1
Project("{FAE04EC0-301F-11D3-BF4B-00C04F79EFBC}") = "ClassMetotDemo", "ClassMetotDemo\ClassMetotDemo.csproj", "{C4804ED6-2C17-4653-90CE-4BC2DFF49B8B}"
EndProject
Project("{2150E333-8FDC-42A3-9474-1A3956D46DE8}") = "Solution Items", "Solution Items", "{B67B7E01-DA1E-45CD-8458-367F603DA4C9}"
	ProjectSection(SolutionItems) = preProject
		.editorconfig = .editorconfig
	EndProjectSection
EndProject
Global
	GlobalSection(SolutionConfigurationPlatforms) = preSolution
		Debug|Any CPU = Debug|Any CPU
		Release|Any CPU = Release|Any CPU
	EndGlobalSection
	GlobalSection(ProjectConfigurationPlatforms) = postSolution
		{C4804ED6-2C17-4653-90CE-4BC2DFF49B8B}.Debug|Any CPU.ActiveCfg = Debug|Any CPU
		{C4804ED6-2C17-4653-90CE-4BC2DFF49B8B}.Debug|Any CPU.Build.0 = Debug|Any CPU
		{C4804ED6-2C17-4653-90CE-4BC2DFF49B8B}.Release|Any CPU.ActiveCfg = Release|Any CPU
		{C4804ED6-2C17-4653-90CE-4BC2DFF49B8B}.Release|Any CPU.Build.0 = Release|Any CPU
	EndGlobalSection
	GlobalSection(SolutionProperties) = preSolution
		HideSolutionNode = FALSE
	EndGlobalSection
	GlobalSection(ExtensibilityGlobals) = postSolution
		SolutionGuid = {B6046113-6897-4D28-AE32-9EFE86B399AD}
	EndGlobalSection
EndGlobal
